
Microsoft Visual Studio Solution File, Format Version 12.00
# Visual Studio Version 17
VisualStudioVersion = 17.9.34607.119
MinimumVisualStudioVersion = 10.0.40219.1
Project("{9A19103F-16F7-4668-BE54-9A1E7A4F7556}") = "Nackademin_Episerver", "Nackademin_Episerver.csproj", "{5FA72E93-9844-40CF-8216-EAE222A9717A}"
EndProject
Global
	GlobalSection(SolutionConfigurationPlatforms) = preSolution
		Debug|Any CPU = Debug|Any CPU
		Release|Any CPU = Release|Any CPU
	EndGlobalSection
	GlobalSection(ProjectConfigurationPlatforms) = postSolution
		{5FA72E93-9844-40CF-8216-EAE222A9717A}.Debug|Any CPU.ActiveCfg = Debug|Any CPU
		{5FA72E93-9844-40CF-8216-EAE222A9717A}.Debug|Any CPU.Build.0 = Debug|Any CPU
		{5FA72E93-9844-40CF-8216-EAE222A9717A}.Release|Any CPU.ActiveCfg = Release|Any CPU
		{5FA72E93-9844-40CF-8216-EAE222A9717A}.Release|Any CPU.Build.0 = Release|Any CPU
	EndGlobalSection
	GlobalSection(SolutionProperties) = preSolution
		HideSolutionNode = FALSE
	EndGlobalSection
	GlobalSection(ExtensibilityGlobals) = postSolution
		SolutionGuid = {CD599F39-EAC1-4147-BBB3-F49465D3172B}
	EndGlobalSection
EndGlobal
